
Microsoft Visual Studio Solution File, Format Version 12.00
# Visual Studio Version 17
VisualStudioVersion = 17.11.35219.272
MinimumVisualStudioVersion = 10.0.40219.1
Project("{FAE04EC0-301F-11D3-BF4B-00C04F79EFBC}") = "Opgave 5 JSON klient", "Opgave 5 JSON klient\Opgave 5 JSON klient.csproj", "{58637692-E83D-40C7-89DD-2E5C9636FFF8}"
EndProject
Global
	GlobalSection(SolutionConfigurationPlatforms) = preSolution
		Debug|Any CPU = Debug|Any CPU
		Release|Any CPU = Release|Any CPU
	EndGlobalSection
	GlobalSection(ProjectConfigurationPlatforms) = postSolution
		{58637692-E83D-40C7-89DD-2E5C9636FFF8}.Debug|Any CPU.ActiveCfg = Debug|Any CPU
		{58637692-E83D-40C7-89DD-2E5C9636FFF8}.Debug|Any CPU.Build.0 = Debug|Any CPU
		{58637692-E83D-40C7-89DD-2E5C9636FFF8}.Release|Any CPU.ActiveCfg = Release|Any CPU
		{58637692-E83D-40C7-89DD-2E5C9636FFF8}.Release|Any CPU.Build.0 = Release|Any CPU
	EndGlobalSection
	GlobalSection(SolutionProperties) = preSolution
		HideSolutionNode = FALSE
	EndGlobalSection
	GlobalSection(ExtensibilityGlobals) = postSolution
		SolutionGuid = {932737A7-8B84-4D8F-A96A-165CEC34A8D2}
	EndGlobalSection
EndGlobal
